{
    "version": 3,
    "terraform_version": "0.10.8",
    "serial": 6,
    "lineage": "b90e2976-d891-4220-86bd-658b5fd90742",
    "modules": [
        {
            "path": [
                "root"
            ],
            "outputs": {},
            "resources": {
                "aws_eip.nat": {
                    "type": "aws_eip",
                    "depends_on": [],
                    "primary": {
                        "id": "eipalloc-0725dc8eac9cdc3c0",
                        "attributes": {
                            "association_id": "",
                            "domain": "vpc",
                            "id": "eipalloc-0725dc8eac9cdc3c0",
                            "instance": "",
                            "network_interface": "",
                            "private_ip": "",
                            "public_ip": "34.213.21.64",
                            "tags.%": "0",
                            "vpc": "true"
                        },
                        "meta": {
                            "e2bfb730-ecaa-11e6-8f88-34363bc7c4c0": {
                                "delete": 180000000000,
                                "read": 900000000000,
                                "update": 300000000000
                            }
                        },
                        "tainted": false
                    },
                    "deposed": [],
                    "provider": ""
                },
                "aws_iam_instance_profile.openvpn": {
                    "type": "aws_iam_instance_profile",
                    "depends_on": [
                        "aws_iam_role.openvpn"
                    ],
                    "primary": {
                        "id": "algovpn-infra-openvpn-profile",
                        "attributes": {
                            "arn": "arn:aws:iam::096440369311:instance-profile/algovpn-infra-openvpn-profile",
                            "id": "algovpn-infra-openvpn-profile",
                            "name": "algovpn-infra-openvpn-profile",
                            "path": "/",
                            "roles.#": "1",
                            "roles.568500581": "algovpn-infra-openvpn-role",
                            "unique_id": "AIPAJ5RG76LCT77XUBVQA"
                        },
                        "meta": {},
                        "tainted": false
                    },
                    "deposed": [],
                    "provider": ""
                },
                "aws_iam_role.openvpn": {
                    "type": "aws_iam_role",
                    "depends_on": [],
                    "primary": {
                        "id": "algovpn-infra-openvpn-role",
                        "attributes": {
                            "arn": "arn:aws:iam::096440369311:role/algovpn-infra-openvpn-role",
                            "assume_role_policy": "{\"Version\":\"2012-10-17\",\"Statement\":[{\"Sid\":\"\",\"Effect\":\"Allow\",\"Principal\":{\"Service\":\"ec2.amazonaws.com\"},\"Action\":\"sts:AssumeRole\"}]}",
                            "create_date": "2018-03-31T06:23:48Z",
                            "force_detach_policies": "false",
                            "id": "algovpn-infra-openvpn-role",
                            "name": "algovpn-infra-openvpn-role",
                            "path": "/",
                            "unique_id": "AROAICQW3ZOFZFME7GW5U"
                        },
                        "meta": {},
                        "tainted": false
                    },
                    "deposed": [],
                    "provider": ""
                },
                "aws_instance.openvpn": {
                    "type": "aws_instance",
                    "depends_on": [
                        "aws_security_group.openvpn",
                        "aws_subnet.opspublic-c",
                        "data.aws_ami.ubuntu"
                    ],
                    "primary": {
                        "id": "i-0beab4d309a7ab559",
                        "attributes": {
                            "ami": "ami-4e79ed36",
                            "associate_public_ip_address": "true",
                            "availability_zone": "us-west-2c",
                            "disable_api_termination": "false",
                            "ebs_block_device.#": "0",
                            "ebs_optimized": "false",
                            "ephemeral_block_device.#": "0",
                            "get_password_data": "false",
                            "iam_instance_profile": "algovpn-infra-openvpn-profile",
                            "id": "i-0beab4d309a7ab559",
                            "instance_state": "running",
                            "instance_type": "t2.micro",
                            "ipv6_addresses.#": "0",
                            "key_name": "rudy-mbp",
                            "monitoring": "false",
                            "network_interface.#": "0",
                            "network_interface_id": "eni-05093d740520cbd78",
                            "password_data": "",
                            "placement_group": "",
                            "primary_network_interface_id": "eni-05093d740520cbd78",
                            "private_dns": "ip-172-16-0-4.us-west-2.compute.internal",
                            "private_ip": "172.16.0.4",
                            "public_dns": "ec2-34-211-53-243.us-west-2.compute.amazonaws.com",
                            "public_ip": "34.211.53.243",
                            "root_block_device.#": "1",
                            "root_block_device.0.delete_on_termination": "true",
                            "root_block_device.0.iops": "100",
                            "root_block_device.0.volume_id": "vol-0ad7ead2c5b7b68a6",
                            "root_block_device.0.volume_size": "20",
                            "root_block_device.0.volume_type": "gp2",
                            "security_groups.#": "0",
                            "source_dest_check": "true",
                            "subnet_id": "subnet-0681157d503cc300b",
                            "tags.%": "5",
                            "tags.Environment": "algovpn-infra",
                            "tags.Name": "algovpn-infra-openvpn",
                            "tags.Role": "vpn",
                            "tags.sshUser": "ubuntu",
                            "tags.terraform_id": "algovpn-infra-terraform",
                            "tenancy": "default",
                            "volume_tags.%": "0",
                            "vpc_security_group_ids.#": "1",
                            "vpc_security_group_ids.116114112": "sg-051d6da4ce2c2cd2c"
                        },
                        "meta": {
                            "e2bfb730-ecaa-11e6-8f88-34363bc7c4c0": {
                                "create": 600000000000,
                                "delete": 1200000000000,
                                "update": 600000000000
                            },
                            "schema_version": "1"
                        },
                        "tainted": false
                    },
                    "deposed": [],
                    "provider": ""
                },
                "aws_internet_gateway.main": {
                    "type": "aws_internet_gateway",
                    "depends_on": [
                        "aws_vpc.main"
                    ],
                    "primary": {
                        "id": "igw-0c8f013dfb4dbb88b",
                        "attributes": {
                            "id": "igw-0c8f013dfb4dbb88b",
                            "tags.%": "3",
                            "tags.Environment": "algovpn-infra",
                            "tags.Name": "algovpn-infra-igw",
                            "tags.terraform_id": "algovpn-infra-terraform",
                            "vpc_id": "vpc-098721b9abdc92867"
                        },
                        "meta": {},
                        "tainted": false
                    },
                    "deposed": [],
                    "provider": ""
                },
                "aws_nat_gateway.nat": {
                    "type": "aws_nat_gateway",
                    "depends_on": [
                        "aws_eip.nat",
                        "aws_internet_gateway.main",
                        "aws_subnet.opspublic-c"
                    ],
                    "primary": {
                        "id": "nat-068bae39e2e7bd65b",
                        "attributes": {
                            "allocation_id": "eipalloc-0725dc8eac9cdc3c0",
                            "id": "nat-068bae39e2e7bd65b",
                            "network_interface_id": "eni-c7c7e4c1",
                            "private_ip": "172.16.1.23",
                            "public_ip": "34.213.21.64",
                            "subnet_id": "subnet-0681157d503cc300b",
                            "tags.%": "0"
                        },
                        "meta": {},
                        "tainted": false
                    },
                    "deposed": [],
                    "provider": ""
                },
                "aws_route_table.private": {
                    "type": "aws_route_table",
                    "depends_on": [
                        "aws_nat_gateway.nat",
                        "aws_vpc.main"
                    ],
                    "primary": {
                        "id": "rtb-018d445e398dedef4",
                        "attributes": {
                            "id": "rtb-018d445e398dedef4",
                            "propagating_vgws.#": "0",
                            "route.#": "1",
                            "route.759450344.cidr_block": "0.0.0.0/0",
                            "route.759450344.egress_only_gateway_id": "",
                            "route.759450344.gateway_id": "",
                            "route.759450344.instance_id": "",
                            "route.759450344.ipv6_cidr_block": "",
                            "route.759450344.nat_gateway_id": "nat-068bae39e2e7bd65b",
                            "route.759450344.network_interface_id": "",
                            "route.759450344.vpc_peering_connection_id": "",
                            "tags.%": "2",
                            "tags.Name": "algovpn-infra-private-route",
                            "tags.terraform_id": "algovpn-infra-terraform",
                            "vpc_id": "vpc-098721b9abdc92867"
                        },
                        "meta": {},
                        "tainted": false
                    },
                    "deposed": [],
                    "provider": ""
                },
                "aws_route_table.public": {
                    "type": "aws_route_table",
                    "depends_on": [
                        "aws_internet_gateway.main",
                        "aws_vpc.main"
                    ],
                    "primary": {
                        "id": "rtb-0ed2ec13bc6d5ecbd",
                        "attributes": {
                            "id": "rtb-0ed2ec13bc6d5ecbd",
                            "propagating_vgws.#": "0",
                            "route.#": "1",
                            "route.586062031.cidr_block": "0.0.0.0/0",
                            "route.586062031.egress_only_gateway_id": "",
                            "route.586062031.gateway_id": "igw-0c8f013dfb4dbb88b",
                            "route.586062031.instance_id": "",
                            "route.586062031.ipv6_cidr_block": "",
                            "route.586062031.nat_gateway_id": "",
                            "route.586062031.network_interface_id": "",
                            "route.586062031.vpc_peering_connection_id": "",
                            "tags.%": "2",
                            "tags.Name": "algovpn-infra-public-route",
                            "tags.terraform_id": "algovpn-infra-terraform",
                            "vpc_id": "vpc-098721b9abdc92867"
                        },
                        "meta": {},
                        "tainted": false
                    },
                    "deposed": [],
                    "provider": ""
                },
                "aws_route_table_association.opsprivate-c": {
                    "type": "aws_route_table_association",
                    "depends_on": [
                        "aws_route_table.private",
                        "aws_subnet.opsprivate-c"
                    ],
                    "primary": {
                        "id": "rtbassoc-0efc5b3353f0d61ce",
                        "attributes": {
                            "id": "rtbassoc-0efc5b3353f0d61ce",
                            "route_table_id": "rtb-018d445e398dedef4",
                            "subnet_id": "subnet-0a9bed739c79ea4c5"
                        },
                        "meta": {},
                        "tainted": false
                    },
                    "deposed": [],
                    "provider": ""
                },
                "aws_route_table_association.opspublic-c": {
                    "type": "aws_route_table_association",
                    "depends_on": [
                        "aws_route_table.public",
                        "aws_subnet.opspublic-c"
                    ],
                    "primary": {
                        "id": "rtbassoc-02c1ba9e86f7ae995",
                        "attributes": {
                            "id": "rtbassoc-02c1ba9e86f7ae995",
                            "route_table_id": "rtb-0ed2ec13bc6d5ecbd",
                            "subnet_id": "subnet-0681157d503cc300b"
                        },
                        "meta": {},
                        "tainted": false
                    },
                    "deposed": [],
                    "provider": ""
                },
                "aws_security_group.openvpn": {
                    "type": "aws_security_group",
                    "depends_on": [
                        "aws_vpc.main"
                    ],
                    "primary": {
                        "id": "sg-051d6da4ce2c2cd2c",
                        "attributes": {
                            "arn": "arn:aws:ec2:us-west-2:096440369311:security-group/sg-051d6da4ce2c2cd2c",
                            "description": "algovpn-infra openvpn security group",
                            "egress.#": "1",
                            "egress.482069346.cidr_blocks.#": "1",
                            "egress.482069346.cidr_blocks.0": "0.0.0.0/0",
                            "egress.482069346.description": "",
                            "egress.482069346.from_port": "0",
                            "egress.482069346.ipv6_cidr_blocks.#": "0",
                            "egress.482069346.prefix_list_ids.#": "0",
                            "egress.482069346.protocol": "-1",
                            "egress.482069346.security_groups.#": "0",
                            "egress.482069346.self": "false",
                            "egress.482069346.to_port": "0",
                            "id": "sg-051d6da4ce2c2cd2c",
                            "ingress.#": "2",
                            "ingress.2541437006.cidr_blocks.#": "1",
                            "ingress.2541437006.cidr_blocks.0": "0.0.0.0/0",
                            "ingress.2541437006.description": "",
                            "ingress.2541437006.from_port": "22",
                            "ingress.2541437006.ipv6_cidr_blocks.#": "0",
                            "ingress.2541437006.protocol": "tcp",
                            "ingress.2541437006.security_groups.#": "0",
                            "ingress.2541437006.self": "false",
                            "ingress.2541437006.to_port": "22",
                            "ingress.4178520169.cidr_blocks.#": "1",
                            "ingress.4178520169.cidr_blocks.0": "0.0.0.0/0",
                            "ingress.4178520169.description": "",
                            "ingress.4178520169.from_port": "1194",
                            "ingress.4178520169.ipv6_cidr_blocks.#": "0",
                            "ingress.4178520169.protocol": "udp",
                            "ingress.4178520169.security_groups.#": "0",
                            "ingress.4178520169.self": "false",
                            "ingress.4178520169.to_port": "1194",
                            "name": "algovpn-infra-openvpn-inbound",
                            "owner_id": "096440369311",
                            "revoke_rules_on_delete": "false",
                            "tags.%": "2",
                            "tags.Name": "algovpn-infra-openvpn-inbound",
                            "tags.terraform_id": "algovpn-infra-terraform",
                            "vpc_id": "vpc-098721b9abdc92867"
                        },
                        "meta": {
                            "e2bfb730-ecaa-11e6-8f88-34363bc7c4c0": {
                                "create": 600000000000,
                                "delete": 600000000000
                            },
                            "schema_version": "1"
                        },
                        "tainted": false
                    },
                    "deposed": [],
                    "provider": ""
                },
                "aws_subnet.opsprivate-c": {
                    "type": "aws_subnet",
                    "depends_on": [
                        "aws_vpc.main"
                    ],
                    "primary": {
                        "id": "subnet-0a9bed739c79ea4c5",
                        "attributes": {
                            "assign_ipv6_address_on_creation": "false",
                            "availability_zone": "us-west-2c",
                            "cidr_block": "172.16.2.0/24",
                            "id": "subnet-0a9bed739c79ea4c5",
                            "map_public_ip_on_launch": "false",
                            "tags.%": "4",
                            "tags.Environment": "algovpn-infra",
                            "tags.Name": "algovpn-infra-opsprivate-subnet-c",
                            "tags.Private": "yes",
                            "tags.terraform_id": "algovpn-infra-terraform",
                            "vpc_id": "vpc-098721b9abdc92867"
                        },
                        "meta": {
                            "schema_version": "1"
                        },
                        "tainted": false
                    },
                    "deposed": [],
                    "provider": ""
                },
                "aws_subnet.opspublic-c": {
                    "type": "aws_subnet",
                    "depends_on": [
                        "aws_vpc.main"
                    ],
                    "primary": {
                        "id": "subnet-0681157d503cc300b",
                        "attributes": {
                            "assign_ipv6_address_on_creation": "false",
                            "availability_zone": "us-west-2c",
                            "cidr_block": "172.16.0.0/23",
                            "id": "subnet-0681157d503cc300b",
                            "map_public_ip_on_launch": "false",
                            "tags.%": "5",
                            "tags.Environment": "algovpn-infra",
                            "tags.Name": "algovpn-infra-opspublic-subnet-c",
                            "tags.Role": "dmz",
                            "tags.Zone": "public",
                            "tags.terraform_id": "algovpn-infra-terraform",
                            "vpc_id": "vpc-098721b9abdc92867"
                        },
                        "meta": {
                            "schema_version": "1"
                        },
                        "tainted": false
                    },
                    "deposed": [],
                    "provider": ""
                },
                "aws_vpc.main": {
                    "type": "aws_vpc",
                    "depends_on": [],
                    "primary": {
                        "id": "vpc-098721b9abdc92867",
                        "attributes": {
                            "assign_generated_ipv6_cidr_block": "false",
                            "cidr_block": "172.16.0.0/16",
                            "default_network_acl_id": "acl-0db539c3ff483ab7e",
                            "default_route_table_id": "rtb-0147d91904adce643",
                            "default_security_group_id": "sg-02e0ecc86bef5e071",
                            "dhcp_options_id": "dopt-042b511dcd7a33c7f",
                            "enable_classiclink": "false",
                            "enable_classiclink_dns_support": "false",
                            "enable_dns_hostnames": "true",
                            "enable_dns_support": "true",
                            "id": "vpc-098721b9abdc92867",
                            "instance_tenancy": "default",
                            "main_route_table_id": "rtb-0147d91904adce643",
                            "tags.%": "2",
                            "tags.Environment": "algovpn-infra",
                            "tags.Name": "algovpn-infra-vpc"
                        },
                        "meta": {
                            "schema_version": "1"
                        },
                        "tainted": false
                    },
                    "deposed": [],
                    "provider": ""
                },
                "data.aws_ami.ubuntu": {
                    "type": "aws_ami",
                    "depends_on": [],
                    "primary": {
                        "id": "ami-4e79ed36",
                        "attributes": {
                            "architecture": "x86_64",
                            "block_device_mappings.#": "3",
                            "block_device_mappings.1634610537.device_name": "/dev/sdb",
                            "block_device_mappings.1634610537.ebs.%": "0",
                            "block_device_mappings.1634610537.no_device": "",
                            "block_device_mappings.1634610537.virtual_name": "ephemeral0",
                            "block_device_mappings.2547816212.device_name": "/dev/sda1",
                            "block_device_mappings.2547816212.ebs.%": "6",
                            "block_device_mappings.2547816212.ebs.delete_on_termination": "true",
                            "block_device_mappings.2547816212.ebs.encrypted": "false",
                            "block_device_mappings.2547816212.ebs.iops": "0",
                            "block_device_mappings.2547816212.ebs.snapshot_id": "snap-03b8725b8d432caad",
                            "block_device_mappings.2547816212.ebs.volume_size": "8",
                            "block_device_mappings.2547816212.ebs.volume_type": "gp2",
                            "block_device_mappings.2547816212.no_device": "",
                            "block_device_mappings.2547816212.virtual_name": "",
                            "block_device_mappings.3850042718.device_name": "/dev/sdc",
                            "block_device_mappings.3850042718.ebs.%": "0",
                            "block_device_mappings.3850042718.no_device": "",
                            "block_device_mappings.3850042718.virtual_name": "ephemeral1",
                            "creation_date": "2018-03-07T08:39:39.000Z",
                            "description": "Canonical, Ubuntu, 16.04 LTS, amd64 xenial image build on 2018-03-06",
                            "filter.#": "2",
                            "filter.1585153008.name": "name",
                            "filter.1585153008.values.#": "1",
                            "filter.1585153008.values.0": "ubuntu/images/hvm-ssd/ubuntu-xenial-16.04-amd64-server-*",
                            "filter.490168357.name": "virtualization-type",
                            "filter.490168357.values.#": "1",
                            "filter.490168357.values.0": "hvm",
                            "hypervisor": "xen",
                            "id": "ami-4e79ed36",
                            "image_id": "ami-4e79ed36",
                            "image_location": "099720109477/ubuntu/images/hvm-ssd/ubuntu-xenial-16.04-amd64-server-20180306",
                            "image_type": "machine",
                            "most_recent": "true",
                            "name": "ubuntu/images/hvm-ssd/ubuntu-xenial-16.04-amd64-server-20180306",
                            "owner_id": "099720109477",
                            "owners.#": "1",
                            "owners.0": "099720109477",
                            "product_codes.#": "0",
                            "public": "true",
                            "root_device_name": "/dev/sda1",
                            "root_device_type": "ebs",
                            "root_snapshot_id": "snap-03b8725b8d432caad",
                            "sriov_net_support": "simple",
                            "state": "available",
                            "state_reason.%": "2",
                            "state_reason.code": "UNSET",
                            "state_reason.message": "UNSET",
                            "tags.%": "0",
                            "virtualization_type": "hvm"
                        },
                        "meta": {},
                        "tainted": false
                    },
                    "deposed": [],
                    "provider": ""
                }
            },
            "depends_on": []
        }
    ]
}
